
Microsoft Visual Studio Solution File, Format Version 12.00
# Visual Studio Version 17
VisualStudioVersion = 17.1.32210.238
MinimumVisualStudioVersion = 10.0.40219.1
Project("{9A19103F-16F7-4668-BE54-9A1E7A4F7556}") = "FoodstuffsRating.Api", "FoodstuffsRating.Api\FoodstuffsRating.Api.csproj", "{FFFCB79E-7CEF-42A9-8374-6AC74FCA7BE0}"
EndProject
Project("{9A19103F-16F7-4668-BE54-9A1E7A4F7556}") = "FoodstuffsRating.Data.Dal", "FoodstuffsRating.Data.Dal\FoodstuffsRating.Data.Dal.csproj", "{F4F83F5D-2A70-40ED-9DCB-0C58E60811E0}"
EndProject
Project("{9A19103F-16F7-4668-BE54-9A1E7A4F7556}") = "FoodstuffsRating.Data.Models", "FoodstuffsRating.Data.Models\FoodstuffsRating.Data.Models.csproj", "{E72C0B44-8B61-43F0-9F35-4D7969F94A04}"
EndProject
Project("{2150E333-8FDC-42A3-9474-1A3956D46DE8}") = "Solution Items", "Solution Items", "{F3EC6277-D683-4312-B24E-6716148DACC2}"
	ProjectSection(SolutionItems) = preProject
		..\.gitignore = ..\.gitignore
		..\README.md = ..\README.md
	EndProjectSection
EndProject
Project("{9A19103F-16F7-4668-BE54-9A1E7A4F7556}") = "FoodstuffsRating.Services", "FoodstuffsRating.Services\FoodstuffsRating.Services.csproj", "{4AA8EAF1-8F54-4607-A7F2-08E3D8107935}"
EndProject
Project("{9A19103F-16F7-4668-BE54-9A1E7A4F7556}") = "FoodstuffsRating.Models", "FoodstuffsRating.Models\FoodstuffsRating.Models.csproj", "{1D829FF1-FD7A-497C-B934-FE0DBEF561A4}"
EndProject
Project("{9A19103F-16F7-4668-BE54-9A1E7A4F7556}") = "FoodstuffsRating.Dto", "FoodstuffsRating.Dto\FoodstuffsRating.Dto.csproj", "{2EF31F32-6137-4E85-9B52-6AB98016882E}"
EndProject
Project("{FAE04EC0-301F-11D3-BF4B-00C04F79EFBC}") = "FoodstuffsRating.Common", "FoodstuffsRating.Common\FoodstuffsRating.Common.csproj", "{3FA7D359-49E2-4E56-87D7-8F9ACEDA7141}"
EndProject
Project("{FAE04EC0-301F-11D3-BF4B-00C04F79EFBC}") = "FoodstuffsRating.Api.Tests", "FoodstuffsRating.Api.Tests\FoodstuffsRating.Api.Tests.csproj", "{4CDD8765-FBD7-4347-89C4-825297B104DF}"
EndProject
Project("{2150E333-8FDC-42A3-9474-1A3956D46DE8}") = "Tests", "Tests", "{D295BEA9-9ED1-4E1F-A743-78CBC370BC20}"
EndProject
Project("{FAE04EC0-301F-11D3-BF4B-00C04F79EFBC}") = "FoodstuffsRating.Services.Tests", "FoodstuffsRating.Services.Tests\FoodstuffsRating.Services.Tests.csproj", "{5309D4B1-E34F-45BF-BE9A-5BF5FD6CEE70}"
EndProject
Global
	GlobalSection(SolutionConfigurationPlatforms) = preSolution
		Debug|Any CPU = Debug|Any CPU
		Release|Any CPU = Release|Any CPU
	EndGlobalSection
	GlobalSection(ProjectConfigurationPlatforms) = postSolution
		{FFFCB79E-7CEF-42A9-8374-6AC74FCA7BE0}.Debug|Any CPU.ActiveCfg = Debug|Any CPU
		{FFFCB79E-7CEF-42A9-8374-6AC74FCA7BE0}.Debug|Any CPU.Build.0 = Debug|Any CPU
		{FFFCB79E-7CEF-42A9-8374-6AC74FCA7BE0}.Release|Any CPU.ActiveCfg = Release|Any CPU
		{FFFCB79E-7CEF-42A9-8374-6AC74FCA7BE0}.Release|Any CPU.Build.0 = Release|Any CPU
		{F4F83F5D-2A70-40ED-9DCB-0C58E60811E0}.Debug|Any CPU.ActiveCfg = Debug|Any CPU
		{F4F83F5D-2A70-40ED-9DCB-0C58E60811E0}.Debug|Any CPU.Build.0 = Debug|Any CPU
		{F4F83F5D-2A70-40ED-9DCB-0C58E60811E0}.Release|Any CPU.ActiveCfg = Release|Any CPU
		{F4F83F5D-2A70-40ED-9DCB-0C58E60811E0}.Release|Any CPU.Build.0 = Release|Any CPU
		{E72C0B44-8B61-43F0-9F35-4D7969F94A04}.Debug|Any CPU.ActiveCfg = Debug|Any CPU
		{E72C0B44-8B61-43F0-9F35-4D7969F94A04}.Debug|Any CPU.Build.0 = Debug|Any CPU
		{E72C0B44-8B61-43F0-9F35-4D7969F94A04}.Release|Any CPU.ActiveCfg = Release|Any CPU
		{E72C0B44-8B61-43F0-9F35-4D7969F94A04}.Release|Any CPU.Build.0 = Release|Any CPU
		{4AA8EAF1-8F54-4607-A7F2-08E3D8107935}.Debug|Any CPU.ActiveCfg = Debug|Any CPU
		{4AA8EAF1-8F54-4607-A7F2-08E3D8107935}.Debug|Any CPU.Build.0 = Debug|Any CPU
		{4AA8EAF1-8F54-4607-A7F2-08E3D8107935}.Release|Any CPU.ActiveCfg = Release|Any CPU
		{4AA8EAF1-8F54-4607-A7F2-08E3D8107935}.Release|Any CPU.Build.0 = Release|Any CPU
		{1D829FF1-FD7A-497C-B934-FE0DBEF561A4}.Debug|Any CPU.ActiveCfg = Debug|Any CPU
		{1D829FF1-FD7A-497C-B934-FE0DBEF561A4}.Debug|Any CPU.Build.0 = Debug|Any CPU
		{1D829FF1-FD7A-497C-B934-FE0DBEF561A4}.Release|Any CPU.ActiveCfg = Release|Any CPU
		{1D829FF1-FD7A-497C-B934-FE0DBEF561A4}.Release|Any CPU.Build.0 = Release|Any CPU
		{2EF31F32-6137-4E85-9B52-6AB98016882E}.Debug|Any CPU.ActiveCfg = Debug|Any CPU
		{2EF31F32-6137-4E85-9B52-6AB98016882E}.Debug|Any CPU.Build.0 = Debug|Any CPU
		{2EF31F32-6137-4E85-9B52-6AB98016882E}.Release|Any CPU.ActiveCfg = Release|Any CPU
		{2EF31F32-6137-4E85-9B52-6AB98016882E}.Release|Any CPU.Build.0 = Release|Any CPU
		{3FA7D359-49E2-4E56-87D7-8F9ACEDA7141}.Debug|Any CPU.ActiveCfg = Debug|Any CPU
		{3FA7D359-49E2-4E56-87D7-8F9ACEDA7141}.Debug|Any CPU.Build.0 = Debug|Any CPU
		{3FA7D359-49E2-4E56-87D7-8F9ACEDA7141}.Release|Any CPU.ActiveCfg = Release|Any CPU
		{3FA7D359-49E2-4E56-87D7-8F9ACEDA7141}.Release|Any CPU.Build.0 = Release|Any CPU
		{4CDD8765-FBD7-4347-89C4-825297B104DF}.Debug|Any CPU.ActiveCfg = Debug|Any CPU
		{4CDD8765-FBD7-4347-89C4-825297B104DF}.Debug|Any CPU.Build.0 = Debug|Any CPU
		{4CDD8765-FBD7-4347-89C4-825297B104DF}.Release|Any CPU.ActiveCfg = Release|Any CPU
		{4CDD8765-FBD7-4347-89C4-825297B104DF}.Release|Any CPU.Build.0 = Release|Any CPU
		{5309D4B1-E34F-45BF-BE9A-5BF5FD6CEE70}.Debug|Any CPU.ActiveCfg = Debug|Any CPU
		{5309D4B1-E34F-45BF-BE9A-5BF5FD6CEE70}.Debug|Any CPU.Build.0 = Debug|Any CPU
		{5309D4B1-E34F-45BF-BE9A-5BF5FD6CEE70}.Release|Any CPU.ActiveCfg = Release|Any CPU
		{5309D4B1-E34F-45BF-BE9A-5BF5FD6CEE70}.Release|Any CPU.Build.0 = Release|Any CPU
	EndGlobalSection
	GlobalSection(SolutionProperties) = preSolution
		HideSolutionNode = FALSE
	EndGlobalSection
	GlobalSection(NestedProjects) = preSolution
		{4CDD8765-FBD7-4347-89C4-825297B104DF} = {D295BEA9-9ED1-4E1F-A743-78CBC370BC20}
		{5309D4B1-E34F-45BF-BE9A-5BF5FD6CEE70} = {D295BEA9-9ED1-4E1F-A743-78CBC370BC20}
	EndGlobalSection
	GlobalSection(ExtensibilityGlobals) = postSolution
		SolutionGuid = {A6DCF5DA-75FB-4A30-99FF-DF88835F9C3A}
	EndGlobalSection
EndGlobal
